
Microsoft Visual Studio Solution File, Format Version 12.00
# Visual Studio Version 17
VisualStudioVersion = 17.3.32922.545
MinimumVisualStudioVersion = 10.0.40219.1
Project("{FAE04EC0-301F-11D3-BF4B-00C04F79EFBC}") = "CheapBin", "CheapBin\CheapBin.csproj", "{7415A8B9-4982-4C87-80E5-48AF2021FA47}"
EndProject
Project("{FAE04EC0-301F-11D3-BF4B-00C04F79EFBC}") = "DataAccessLibrary", "DataAccessLibrary\DataAccessLibrary.csproj", "{22D19B42-F7BA-4856-8BA7-A29867168529}"
EndProject
Global
	GlobalSection(SolutionConfigurationPlatforms) = preSolution
		Debug|Any CPU = Debug|Any CPU
		Release|Any CPU = Release|Any CPU
	EndGlobalSection
	GlobalSection(ProjectConfigurationPlatforms) = postSolution
		{7415A8B9-4982-4C87-80E5-48AF2021FA47}.Debug|Any CPU.ActiveCfg = Debug|Any CPU
		{7415A8B9-4982-4C87-80E5-48AF2021FA47}.Debug|Any CPU.Build.0 = Debug|Any CPU
		{7415A8B9-4982-4C87-80E5-48AF2021FA47}.Release|Any CPU.ActiveCfg = Release|Any CPU
		{7415A8B9-4982-4C87-80E5-48AF2021FA47}.Release|Any CPU.Build.0 = Release|Any CPU
		{22D19B42-F7BA-4856-8BA7-A29867168529}.Debug|Any CPU.ActiveCfg = Debug|Any CPU
		{22D19B42-F7BA-4856-8BA7-A29867168529}.Debug|Any CPU.Build.0 = Debug|Any CPU
		{22D19B42-F7BA-4856-8BA7-A29867168529}.Release|Any CPU.ActiveCfg = Release|Any CPU
		{22D19B42-F7BA-4856-8BA7-A29867168529}.Release|Any CPU.Build.0 = Release|Any CPU
	EndGlobalSection
	GlobalSection(SolutionProperties) = preSolution
		HideSolutionNode = FALSE
	EndGlobalSection
	GlobalSection(ExtensibilityGlobals) = postSolution
		SolutionGuid = {6E9BBDCB-C7B6-4FBD-A65A-48F6DBC17407}
	EndGlobalSection
EndGlobal
